
Microsoft Visual Studio Solution File, Format Version 12.00
# Visual Studio 15
VisualStudioVersion = 15.0.28010.2048
MinimumVisualStudioVersion = 10.0.40219.1
Project("{FAE04EC0-301F-11D3-BF4B-00C04F79EFBC}") = "BookmarkMe", "BookmarkMe\BookmarkMe.csproj", "{0477B22D-07AD-4FBB-8986-879864488F68}"
EndProject
Project("{FAE04EC0-301F-11D3-BF4B-00C04F79EFBC}") = "BookmarkMe.ConsoleApp", "BookmarkMe.ConsoleApp\BookmarkMe.ConsoleApp.csproj", "{2D5828E6-388A-45F3-8BC1-97634A59724C}"
EndProject
Project("{FAE04EC0-301F-11D3-BF4B-00C04F79EFBC}") = "BookmarkMe.Interface.Web.Mvc", "BookmarkMe.Interface.Web.Mvc\BookmarkMe.Interface.Web.Mvc.csproj", "{F4D9A23E-12A8-4964-8E8A-1083F2E890D6}"
EndProject
Global
	GlobalSection(SolutionConfigurationPlatforms) = preSolution
		Debug|Any CPU = Debug|Any CPU
		Release|Any CPU = Release|Any CPU
	EndGlobalSection
	GlobalSection(ProjectConfigurationPlatforms) = postSolution
		{0477B22D-07AD-4FBB-8986-879864488F68}.Debug|Any CPU.ActiveCfg = Debug|Any CPU
		{0477B22D-07AD-4FBB-8986-879864488F68}.Debug|Any CPU.Build.0 = Debug|Any CPU
		{0477B22D-07AD-4FBB-8986-879864488F68}.Release|Any CPU.ActiveCfg = Release|Any CPU
		{0477B22D-07AD-4FBB-8986-879864488F68}.Release|Any CPU.Build.0 = Release|Any CPU
		{2D5828E6-388A-45F3-8BC1-97634A59724C}.Debug|Any CPU.ActiveCfg = Debug|Any CPU
		{2D5828E6-388A-45F3-8BC1-97634A59724C}.Debug|Any CPU.Build.0 = Debug|Any CPU
		{2D5828E6-388A-45F3-8BC1-97634A59724C}.Release|Any CPU.ActiveCfg = Release|Any CPU
		{2D5828E6-388A-45F3-8BC1-97634A59724C}.Release|Any CPU.Build.0 = Release|Any CPU
		{F4D9A23E-12A8-4964-8E8A-1083F2E890D6}.Debug|Any CPU.ActiveCfg = Debug|Any CPU
		{F4D9A23E-12A8-4964-8E8A-1083F2E890D6}.Debug|Any CPU.Build.0 = Debug|Any CPU
		{F4D9A23E-12A8-4964-8E8A-1083F2E890D6}.Release|Any CPU.ActiveCfg = Release|Any CPU
		{F4D9A23E-12A8-4964-8E8A-1083F2E890D6}.Release|Any CPU.Build.0 = Release|Any CPU
	EndGlobalSection
	GlobalSection(SolutionProperties) = preSolution
		HideSolutionNode = FALSE
	EndGlobalSection
	GlobalSection(ExtensibilityGlobals) = postSolution
		SolutionGuid = {E703F985-4DDF-4AD1-982D-3E7164A437DE}
	EndGlobalSection
EndGlobal
